{
  "name": "studyVirtualDom",
  "version": "1.0.0",
  "lockfileVersion": 1,
  "requires": true,
  "dependencies": {
    "snabbdom": {
      "version": "3.0.3",
      "resolved": "https://registry.nlark.com/snabbdom/download/snabbdom-3.0.3.tgz",
      "integrity": "sha1-E/8i+90clxrOGvVdSDG9tJcqr9A="
    }
  }
}
